
Microsoft Visual Studio Solution File, Format Version 12.00
# Visual Studio Version 16
VisualStudioVersion = 16.0.31424.327
MinimumVisualStudioVersion = 10.0.40219.1
Project("{FAE04EC0-301F-11D3-BF4B-00C04F79EFBC}") = "GamemodeManager", "GamemodeManager.csproj", "{41250AE9-6C21-4F8E-9B7B-7AA05A5485BB}"
EndProject
Global
	GlobalSection(SolutionConfigurationPlatforms) = preSolution
		Debug|Any CPU = Debug|Any CPU
		Release|Any CPU = Release|Any CPU
	EndGlobalSection
	GlobalSection(ProjectConfigurationPlatforms) = postSolution
		{41250AE9-6C21-4F8E-9B7B-7AA05A5485BB}.Debug|Any CPU.ActiveCfg = Debug|Any CPU
		{41250AE9-6C21-4F8E-9B7B-7AA05A5485BB}.Debug|Any CPU.Build.0 = Debug|Any CPU
		{41250AE9-6C21-4F8E-9B7B-7AA05A5485BB}.Release|Any CPU.ActiveCfg = Release|Any CPU
		{41250AE9-6C21-4F8E-9B7B-7AA05A5485BB}.Release|Any CPU.Build.0 = Release|Any CPU
	EndGlobalSection
	GlobalSection(SolutionProperties) = preSolution
		HideSolutionNode = FALSE
	EndGlobalSection
	GlobalSection(ExtensibilityGlobals) = postSolution
		SolutionGuid = {E6CAD5CF-5FE0-45CA-988F-F1CECF3FF160}
	EndGlobalSection
EndGlobal
